// !$*UTF8*$!
{
	archiveVersion = 1;
	classes = {
	};
	objectVersion = 46;
	objects = {

/* Begin PBXBuildFile section */
		573137F21DAE7387007D6D8E /* AppDelegate.swift in Sources */ = {isa = PBXBuildFile; fileRef = 573137F11DAE7387007D6D8E /* AppDelegate.swift */; };
		573137F71DAE7387007D6D8E /* Main.storyboard in Resources */ = {isa = PBXBuildFile; fileRef = 573137F51DAE7387007D6D8E /* Main.storyboard */; };
		573137F91DAE7387007D6D8E /* Assets.xcassets in Resources */ = {isa = PBXBuildFile; fileRef = 573137F81DAE7387007D6D8E /* Assets.xcassets */; };
		573137FC1DAE7387007D6D8E /* LaunchScreen.storyboard in Resources */ = {isa = PBXBuildFile; fileRef = 573137FA1DAE7387007D6D8E /* LaunchScreen.storyboard */; };
		573138051DAE73FA007D6D8E /* ImageViewController.swift in Sources */ = {isa = PBXBuildFile; fileRef = 573138041DAE73FA007D6D8E /* ImageViewController.swift */; };
		573138071DAE76B9007D6D8E /* DemoURL.swift in Sources */ = {isa = PBXBuildFile; fileRef = 573138061DAE76B9007D6D8E /* DemoURL.swift */; };
		573138091DAE9412007D6D8E /* CassiniViewController.swift in Sources */ = {isa = PBXBuildFile; fileRef = 573138081DAE9412007D6D8E /* CassiniViewController.swift */; };
/* End PBXBuildFile section */

/* Begin PBXFileReference section */
		573137EE1DAE7387007D6D8E /* Cassini.app */ = {isa = PBXFileReference; explicitFileType = wrapper.application; includeInIndex = 0; path = Cassini.app; sourceTree = BUILT_PRODUCTS_DIR; };
		573137F11DAE7387007D6D8E /* AppDelegate.swift */ = {isa = PBXFileReference; lastKnownFileType = sourcecode.swift; path = AppDelegate.swift; sourceTree = "<group>"; };
		573137F61DAE7387007D6D8E /* Base */ = {isa = PBXFileReference; lastKnownFileType = file.storyboard; name = Base; path = Base.lproj/Main.storyboard; sourceTree = "<group>"; };
		573137F81DAE7387007D6D8E /* Assets.xcassets */ = {isa = PBXFileReference; lastKnownFileType = folder.assetcatalog; path = Assets.xcassets; sourceTree = "<group>"; };
		573137FB1DAE7387007D6D8E /* Base */ = {isa = PBXFileReference; lastKnownFileType = file.storyboard; name = Base; path = Base.lproj/LaunchScreen.storyboard; sourceTree = "<group>"; };
		573137FD1DAE7387007D6D8E /* Info.plist */ = {isa = PBXFileReference; lastKnownFileType = text.plist.xml; path = Info.plist; sourceTree = "<group>"; };
		573138041DAE73FA007D6D8E /* ImageViewController.swift */ = {isa = PBXFileReference; fileEncoding = 4; lastKnownFileType = sourcecode.swift; path = ImageViewController.swift; sourceTree = "<group>"; };
		573138061DAE76B9007D6D8E /* DemoURL.swift */ = {isa = PBXFileReference; fileEncoding = 4; lastKnownFileType = sourcecode.swift; path = DemoURL.swift; sourceTree = "<group>"; };
		573138081DAE9412007D6D8E /* CassiniViewController.swift */ = {isa = PBXFileReference; fileEncoding = 4; lastKnownFileType = sourcecode.swift; path = CassiniViewController.swift; sourceTree = "<group>"; };
/* End PBXFileReference section */

/* Begin PBXFrameworksBuildPhase section */
		573137EB1DAE7387007D6D8E /* Frameworks */ = {
			isa = PBXFrameworksBuildPhase;
			buildActionMask = 2147483647;
			files = (
			);
			runOnlyForDeploymentPostprocessing = 0;
		};
/* End PBXFrameworksBuildPhase section */

/* Begin PBXGroup section */
		573137E51DAE7387007D6D8E = {
			isa = PBXGroup;
			children = (
				573137F01DAE7387007D6D8E /* Cassini */,
				573137EF1DAE7387007D6D8E /* Products */,
			);
			sourceTree = "<group>";
		};
		573137EF1DAE7387007D6D8E /* Products */ = {
			isa = PBXGroup;
			children = (
				573137EE1DAE7387007D6D8E /* Cassini.app */,
			);
			name = Products;
			sourceTree = "<group>";
		};
		573137F01DAE7387007D6D8E /* Cassini */ = {
			isa = PBXGroup;
			children = (
				573137F51DAE7387007D6D8E /* Main.storyboard */,
				573138081DAE9412007D6D8E /* CassiniViewController.swift */,
				573138041DAE73FA007D6D8E /* ImageViewController.swift */,
				573137FD1DAE7387007D6D8E /* Info.plist */,
				573138061DAE76B9007D6D8E /* DemoURL.swift */,
				573138031DAE73BD007D6D8E /* Supporting Files */,
			);
			path = Cassini;
			sourceTree = "<group>";
		};
		573138031DAE73BD007D6D8E /* Supporting Files */ = {
			isa = PBXGroup;
			children = (
				573137F11DAE7387007D6D8E /* AppDelegate.swift */,
				573137F81DAE7387007D6D8E /* Assets.xcassets */,
				573137FA1DAE7387007D6D8E /* LaunchScreen.storyboard */,
			);
			name = "Supporting Files";
			sourceTree = "<group>";
		};
/* End PBXGroup section */

/* Begin PBXNativeTarget section */
		573137ED1DAE7387007D6D8E /* Cassini */ = {
			isa = PBXNativeTarget;
			buildConfigurationList = 573138001DAE7387007D6D8E /* Build configuration list for PBXNativeTarget "Cassini" */;
			buildPhases = (
				573137EA1DAE7387007D6D8E /* Sources */,
				573137EB1DAE7387007D6D8E /* Frameworks */,
				573137EC1DAE7387007D6D8E /* Resources */,
			);
			buildRules = (
			);
			dependencies = (
			);
			name = Cassini;
			productName = Cassini;
			productReference = 573137EE1DAE7387007D6D8E /* Cassini.app */;
			productType = "com.apple.product-type.application";
		};
/* End PBXNativeTarget section */

/* Begin PBXProject section */
		573137E61DAE7387007D6D8E /* Project object */ = {
			isa = PBXProject;
			attributes = {
				LastSwiftUpdateCheck = 0800;
				LastUpgradeCheck = 0800;
				ORGANIZATIONNAME = "Weibin Luo";
				TargetAttributes = {
					573137ED1DAE7387007D6D8E = {
						CreatedOnToolsVersion = 8.0;
						DevelopmentTeam = 33665885P3;
						ProvisioningStyle = Automatic;
					};
				};
			};
			buildConfigurationList = 573137E91DAE7387007D6D8E /* Build configuration list for PBXProject "Cassini" */;
			compatibilityVersion = "Xcode 3.2";
			developmentRegion = English;
			hasScannedForEncodings = 0;
			knownRegions = (
				en,
				Base,
			);
			mainGroup = 573137E51DAE7387007D6D8E;
			productRefGroup = 573137EF1DAE7387007D6D8E /* Products */;
			projectDirPath = "";
			projectRoot = "";
			targets = (
				573137ED1DAE7387007D6D8E /* Cassini */,
			);
		};
/* End PBXProject section */

/* Begin PBXResourcesBuildPhase section */
		573137EC1DAE7387007D6D8E /* Resources */ = {
			isa = PBXResourcesBuildPhase;
			buildActionMask = 2147483647;
			files = (
				573137FC1DAE7387007D6D8E /* LaunchScreen.storyboard in Resources */,
				573137F91DAE7387007D6D8E /* Assets.xcassets in Resources */,
				573137F71DAE7387007D6D8E /* Main.storyboard in Resources */,
			);
			runOnlyForDeploymentPostprocessing = 0;
		};
/* End PBXResourcesBuildPhase section */

/* Begin PBXSourcesBuildPhase section */
		573137EA1DAE7387007D6D8E /* Sources */ = {
			isa = PBXSourcesBuildPhase;
			buildActionMask = 2147483647;
			files = (
				573138051DAE73FA007D6D8E /* ImageViewController.swift in Sources */,
				573137F21DAE7387007D6D8E /* AppDelegate.swift in Sources */,
				573138071DAE76B9007D6D8E /* DemoURL.swift in Sources */,
				573138091DAE9412007D6D8E /* CassiniViewController.swift in Sources */,
			);
			runOnlyForDeploymentPostprocessing = 0;
		};
/* End PBXSourcesBuildPhase section */

/* Begin PBXVariantGroup section */
		573137F51DAE7387007D6D8E /* Main.storyboard */ = {
			isa = PBXVariantGroup;
			children = (
				573137F61DAE7387007D6D8E /* Base */,
			);
			name = Main.storyboard;
			sourceTree = "<group>";
		};
		573137FA1DAE7387007D6D8E /* LaunchScreen.storyboard */ = {
			isa = PBXVariantGroup;
			children = (
				573137FB1DAE7387007D6D8E /* Base */,
			);
			name = LaunchScreen.storyboard;
			sourceTree = "<group>";
		};
/* End PBXVariantGroup section */

/* Begin XCBuildConfiguration section */
		573137FE1DAE7387007D6D8E /* Debug */ = {
			isa = XCBuildConfiguration;
			buildSettings = {
				ALWAYS_SEARCH_USER_PATHS = NO;
				CLANG_ANALYZER_NONNULL = YES;
				CLANG_CXX_LANGUAGE_STANDARD = "gnu++0x";
				CLANG_CXX_LIBRARY = "libc++";
				CLANG_ENABLE_MODULES = YES;
				CLANG_ENABLE_OBJC_ARC = YES;
				CLANG_WARN_BOOL_CONVERSION = YES;
				CLANG_WARN_CONSTANT_CONVERSION = YES;
				CLANG_WARN_DIRECT_OBJC_ISA_USAGE = YES_ERROR;
				CLANG_WARN_DOCUMENTATION_COMMENTS = YES;
				CLANG_WARN_EMPTY_BODY = YES;
				CLANG_WARN_ENUM_CONVERSION = YES;
				CLANG_WARN_INFINITE_RECURSION = YES;
				CLANG_WARN_INT_CONVERSION = YES;
				CLANG_WARN_OBJC_ROOT_CLASS = YES_ERROR;
				CLANG_WARN_SUSPICIOUS_MOVES = YES;
				CLANG_WARN_UNREACHABLE_CODE = YES;
				CLANG_WARN__DUPLICATE_METHOD_MATCH = YES;
				"CODE_SIGN_IDENTITY[sdk=iphoneos*]" = "iPhone Developer";
				COPY_PHASE_STRIP = NO;
				DEBUG_INFORMATION_FORMAT = dwarf;
				ENABLE_STRICT_OBJC_MSGSEND = YES;
				ENABLE_TESTABILITY = YES;
				GCC_C_LANGUAGE_STANDARD = gnu99;
				GCC_DYNAMIC_NO_PIC = NO;
				GCC_NO_COMMON_BLOCKS = YES;
				GCC_OPTIMIZATION_LEVEL = 0;
				GCC_PREPROCESSOR_DEFINITIONS = (
					"DEBUG=1",
					"$(inherited)",
				);
				GCC_WARN_64_TO_32_BIT_CONVERSION = YES;
				GCC_WARN_ABOUT_RETURN_TYPE = YES_ERROR;
				GCC_WARN_UNDECLARED_SELECTOR = YES;
				GCC_WARN_UNINITIALIZED_AUTOS = YES_AGGRESSIVE;
				GCC_WARN_UNUSED_FUNCTION = YES;
				GCC_WARN_UNUSED_VARIABLE = YES;
				IPHONEOS_DEPLOYMENT_TARGET = 10.0;
				MTL_ENABLE_DEBUG_INFO = YES;
				ONLY_ACTIVE_ARCH = YES;
				SDKROOT = iphoneos;
				SWIFT_ACTIVE_COMPILATION_CONDITIONS = DEBUG;
				SWIFT_OPTIMIZATION_LEVEL = "-Onone";
				TARGETED_DEVICE_FAMILY = "1,2";
			};
			name = Debug;
		};
		573137FF1DAE7387007D6D8E /* Release */ = {
			isa = XCBuildConfiguration;
			buildSettings = {
				ALWAYS_SEARCH_USER_PATHS = NO;
				CLANG_ANALYZER_NONNULL = YES;
				CLANG_CXX_LANGUAGE_STANDARD = "gnu++0x";
				CLANG_CXX_LIBRARY = "libc++";
				CLANG_ENABLE_MODULES = YES;
				CLANG_ENABLE_OBJC_ARC = YES;
				CLANG_WARN_BOOL_CONVERSION = YES;
				CLANG_WARN_CONSTANT_CONVERSION = YES;
				CLANG_WARN_DIRECT_OBJC_ISA_USAGE = YES_ERROR;
				CLANG_WARN_DOCUMENTATION_COMMENTS = YES;
				CLANG_WARN_EMPTY_BODY = YES;
				CLANG_WARN_ENUM_CONVERSION = YES;
				CLANG_WARN_INFINITE_RECURSION = YES;
				CLANG_WARN_INT_CONVERSION = YES;
				CLANG_WARN_OBJC_ROOT_CLASS = YES_ERROR;
				CLANG_WARN_SUSPICIOUS_MOVES = YES;
				CLANG_WARN_UNREACHABLE_CODE = YES;
				CLANG_WARN__DUPLICATE_METHOD_MATCH = YES;
				"CODE_SIGN_IDENTITY[sdk=iphoneos*]" = "iPhone Developer";
				COPY_PHASE_STRIP = NO;
				DEBUG_INFORMATION_FORMAT = "dwarf-with-dsym";
				ENABLE_NS_ASSERTIONS = NO;
				ENABLE_STRICT_OBJC_MSGSEND = YES;
				GCC_C_LANGUAGE_STANDARD = gnu99;
				GCC_NO_COMMON_BLOCKS = YES;
				GCC_WARN_64_TO_32_BIT_CONVERSION = YES;
				GCC_WARN_ABOUT_RETURN_TYPE = YES_ERROR;
				GCC_WARN_UNDECLARED_SELECTOR = YES;
				GCC_WARN_UNINITIALIZED_AUTOS = YES_AGGRESSIVE;
				GCC_WARN_UNUSED_FUNCTION = YES;
				GCC_WARN_UNUSED_VARIABLE = YES;
				IPHONEOS_DEPLOYMENT_TARGET = 10.0;
				MTL_ENABLE_DEBUG_INFO = NO;
				SDKROOT = iphoneos;
				SWIFT_OPTIMIZATION_LEVEL = "-Owholemodule";
				TARGETED_DEVICE_FAMILY = "1,2";
				VALIDATE_PRODUCT = YES;
			};
			name = Release;
		};
		573138011DAE7387007D6D8E /* Debug */ = {
			isa = XCBuildConfiguration;
			buildSettings = {
				ASSETCATALOG_COMPILER_APPICON_NAME = AppIcon;
				DEVELOPMENT_TEAM = 33665885P3;
				INFOPLIST_FILE = Cassini/Info.plist;
				LD_RUNPATH_SEARCH_PATHS = "$(inherited) @executable_path/Frameworks";
				PRODUCT_BUNDLE_IDENTIFIER = com.weibin.Cassini;
				PRODUCT_NAME = "$(TARGET_NAME)";
				SWIFT_VERSION = 2.3;
			};
			name = Debug;
		};
		573138021DAE7387007D6D8E /* Release */ = {
			isa = XCBuildConfiguration;
			buildSettings = {
				ASSETCATALOG_COMPILER_APPICON_NAME = AppIcon;
				DEVELOPMENT_TEAM = 33665885P3;
				INFOPLIST_FILE = Cassini/Info.plist;
				LD_RUNPATH_SEARCH_PATHS = "$(inherited) @executable_path/Frameworks";
				PRODUCT_BUNDLE_IDENTIFIER = com.weibin.Cassini;
				PRODUCT_NAME = "$(TARGET_NAME)";
				SWIFT_VERSION = 2.3;
			};
			name = Release;
		};
/* End XCBuildConfiguration section */

/* Begin XCConfigurationList section */
		573137E91DAE7387007D6D8E /* Build configuration list for PBXProject "Cassini" */ = {
			isa = XCConfigurationList;
			buildConfigurations = (
				573137FE1DAE7387007D6D8E /* Debug */,
				573137FF1DAE7387007D6D8E /* Release */,
			);
			defaultConfigurationIsVisible = 0;
			defaultConfigurationName = Release;
		};
		573138001DAE7387007D6D8E /* Build configuration list for PBXNativeTarget "Cassini" */ = {
			isa = XCConfigurationList;
			buildConfigurations = (
				573138011DAE7387007D6D8E /* Debug */,
				573138021DAE7387007D6D8E /* Release */,
			);
			defaultConfigurationIsVisible = 0;
		};
/* End XCConfigurationList section */
	};
	rootObject = 573137E61DAE7387007D6D8E /* Project object */;
}
