// !$*UTF8*$!
{
	archiveVersion = 1;
	classes = {
	};
	objectVersion = 46;
	objects = {

/* Begin PBXBuildFile section */
		57D256401DA28CA80049DEE2 /* AppDelegate.swift in Sources */ = {isa = PBXBuildFile; fileRef = 57D2563F1DA28CA80049DEE2 /* AppDelegate.swift */; };
		57D256421DA28CA80049DEE2 /* ViewController.swift in Sources */ = {isa = PBXBuildFile; fileRef = 57D256411DA28CA80049DEE2 /* ViewController.swift */; };
		57D256451DA28CA80049DEE2 /* Main.storyboard in Resources */ = {isa = PBXBuildFile; fileRef = 57D256431DA28CA80049DEE2 /* Main.storyboard */; };
		57D256471DA28CA80049DEE2 /* Assets.xcassets in Resources */ = {isa = PBXBuildFile; fileRef = 57D256461DA28CA80049DEE2 /* Assets.xcassets */; };
		57D2564A1DA28CA80049DEE2 /* LaunchScreen.storyboard in Resources */ = {isa = PBXBuildFile; fileRef = 57D256481DA28CA80049DEE2 /* LaunchScreen.storyboard */; };
/* End PBXBuildFile section */

/* Begin PBXFileReference section */
		57D2563C1DA28CA80049DEE2 /* 002-函数的定义.app */ = {isa = PBXFileReference; explicitFileType = wrapper.application; includeInIndex = 0; path = "002-函数的定义.app"; sourceTree = BUILT_PRODUCTS_DIR; };
		57D2563F1DA28CA80049DEE2 /* AppDelegate.swift */ = {isa = PBXFileReference; lastKnownFileType = sourcecode.swift; path = AppDelegate.swift; sourceTree = "<group>"; };
		57D256411DA28CA80049DEE2 /* ViewController.swift */ = {isa = PBXFileReference; lastKnownFileType = sourcecode.swift; path = ViewController.swift; sourceTree = "<group>"; };
		57D256441DA28CA80049DEE2 /* Base */ = {isa = PBXFileReference; lastKnownFileType = file.storyboard; name = Base; path = Base.lproj/Main.storyboard; sourceTree = "<group>"; };
		57D256461DA28CA80049DEE2 /* Assets.xcassets */ = {isa = PBXFileReference; lastKnownFileType = folder.assetcatalog; path = Assets.xcassets; sourceTree = "<group>"; };
		57D256491DA28CA80049DEE2 /* Base */ = {isa = PBXFileReference; lastKnownFileType = file.storyboard; name = Base; path = Base.lproj/LaunchScreen.storyboard; sourceTree = "<group>"; };
		57D2564B1DA28CA80049DEE2 /* Info.plist */ = {isa = PBXFileReference; lastKnownFileType = text.plist.xml; path = Info.plist; sourceTree = "<group>"; };
/* End PBXFileReference section */

/* Begin PBXFrameworksBuildPhase section */
		57D256391DA28CA80049DEE2 /* Frameworks */ = {
			isa = PBXFrameworksBuildPhase;
			buildActionMask = 2147483647;
			files = (
			);
			runOnlyForDeploymentPostprocessing = 0;
		};
/* End PBXFrameworksBuildPhase section */

/* Begin PBXGroup section */
		57D256331DA28CA80049DEE2 = {
			isa = PBXGroup;
			children = (
				57D2563E1DA28CA80049DEE2 /* 002-函数的定义 */,
				57D2563D1DA28CA80049DEE2 /* Products */,
			);
			sourceTree = "<group>";
		};
		57D2563D1DA28CA80049DEE2 /* Products */ = {
			isa = PBXGroup;
			children = (
				57D2563C1DA28CA80049DEE2 /* 002-函数的定义.app */,
			);
			name = Products;
			sourceTree = "<group>";
		};
		57D2563E1DA28CA80049DEE2 /* 002-函数的定义 */ = {
			isa = PBXGroup;
			children = (
				57D2563F1DA28CA80049DEE2 /* AppDelegate.swift */,
				57D256411DA28CA80049DEE2 /* ViewController.swift */,
				57D256431DA28CA80049DEE2 /* Main.storyboard */,
				57D256461DA28CA80049DEE2 /* Assets.xcassets */,
				57D256481DA28CA80049DEE2 /* LaunchScreen.storyboard */,
				57D2564B1DA28CA80049DEE2 /* Info.plist */,
			);
			path = "002-函数的定义";
			sourceTree = "<group>";
		};
/* End PBXGroup section */

/* Begin PBXNativeTarget section */
		57D2563B1DA28CA80049DEE2 /* 002-函数的定义 */ = {
			isa = PBXNativeTarget;
			buildConfigurationList = 57D2564E1DA28CA80049DEE2 /* Build configuration list for PBXNativeTarget "002-函数的定义" */;
			buildPhases = (
				57D256381DA28CA80049DEE2 /* Sources */,
				57D256391DA28CA80049DEE2 /* Frameworks */,
				57D2563A1DA28CA80049DEE2 /* Resources */,
			);
			buildRules = (
			);
			dependencies = (
			);
			name = "002-函数的定义";
			productName = "002-函数的定义";
			productReference = 57D2563C1DA28CA80049DEE2 /* 002-函数的定义.app */;
			productType = "com.apple.product-type.application";
		};
/* End PBXNativeTarget section */

/* Begin PBXProject section */
		57D256341DA28CA80049DEE2 /* Project object */ = {
			isa = PBXProject;
			attributes = {
				LastSwiftUpdateCheck = 0800;
				LastUpgradeCheck = 0800;
				ORGANIZATIONNAME = "Weibin LUO";
				TargetAttributes = {
					57D2563B1DA28CA80049DEE2 = {
						CreatedOnToolsVersion = 8.0;
						ProvisioningStyle = Automatic;
					};
				};
			};
			buildConfigurationList = 57D256371DA28CA80049DEE2 /* Build configuration list for PBXProject "002-函数的定义" */;
			compatibilityVersion = "Xcode 3.2";
			developmentRegion = English;
			hasScannedForEncodings = 0;
			knownRegions = (
				en,
				Base,
			);
			mainGroup = 57D256331DA28CA80049DEE2;
			productRefGroup = 57D2563D1DA28CA80049DEE2 /* Products */;
			projectDirPath = "";
			projectRoot = "";
			targets = (
				57D2563B1DA28CA80049DEE2 /* 002-函数的定义 */,
			);
		};
/* End PBXProject section */

/* Begin PBXResourcesBuildPhase section */
		57D2563A1DA28CA80049DEE2 /* Resources */ = {
			isa = PBXResourcesBuildPhase;
			buildActionMask = 2147483647;
			files = (
				57D2564A1DA28CA80049DEE2 /* LaunchScreen.storyboard in Resources */,
				57D256471DA28CA80049DEE2 /* Assets.xcassets in Resources */,
				57D256451DA28CA80049DEE2 /* Main.storyboard in Resources */,
			);
			runOnlyForDeploymentPostprocessing = 0;
		};
/* End PBXResourcesBuildPhase section */

/* Begin PBXSourcesBuildPhase section */
		57D256381DA28CA80049DEE2 /* Sources */ = {
			isa = PBXSourcesBuildPhase;
			buildActionMask = 2147483647;
			files = (
				57D256421DA28CA80049DEE2 /* ViewController.swift in Sources */,
				57D256401DA28CA80049DEE2 /* AppDelegate.swift in Sources */,
			);
			runOnlyForDeploymentPostprocessing = 0;
		};
/* End PBXSourcesBuildPhase section */

/* Begin PBXVariantGroup section */
		57D256431DA28CA80049DEE2 /* Main.storyboard */ = {
			isa = PBXVariantGroup;
			children = (
				57D256441DA28CA80049DEE2 /* Base */,
			);
			name = Main.storyboard;
			sourceTree = "<group>";
		};
		57D256481DA28CA80049DEE2 /* LaunchScreen.storyboard */ = {
			isa = PBXVariantGroup;
			children = (
				57D256491DA28CA80049DEE2 /* Base */,
			);
			name = LaunchScreen.storyboard;
			sourceTree = "<group>";
		};
/* End PBXVariantGroup section */

/* Begin XCBuildConfiguration section */
		57D2564C1DA28CA80049DEE2 /* Debug */ = {
			isa = XCBuildConfiguration;
			buildSettings = {
				ALWAYS_SEARCH_USER_PATHS = NO;
				CLANG_ANALYZER_NONNULL = YES;
				CLANG_CXX_LANGUAGE_STANDARD = "gnu++0x";
				CLANG_CXX_LIBRARY = "libc++";
				CLANG_ENABLE_MODULES = YES;
				CLANG_ENABLE_OBJC_ARC = YES;
				CLANG_WARN_BOOL_CONVERSION = YES;
				CLANG_WARN_CONSTANT_CONVERSION = YES;
				CLANG_WARN_DIRECT_OBJC_ISA_USAGE = YES_ERROR;
				CLANG_WARN_DOCUMENTATION_COMMENTS = YES;
				CLANG_WARN_EMPTY_BODY = YES;
				CLANG_WARN_ENUM_CONVERSION = YES;
				CLANG_WARN_INFINITE_RECURSION = YES;
				CLANG_WARN_INT_CONVERSION = YES;
				CLANG_WARN_OBJC_ROOT_CLASS = YES_ERROR;
				CLANG_WARN_SUSPICIOUS_MOVES = YES;
				CLANG_WARN_UNREACHABLE_CODE = YES;
				CLANG_WARN__DUPLICATE_METHOD_MATCH = YES;
				"CODE_SIGN_IDENTITY[sdk=iphoneos*]" = "iPhone Developer";
				COPY_PHASE_STRIP = NO;
				DEBUG_INFORMATION_FORMAT = dwarf;
				ENABLE_STRICT_OBJC_MSGSEND = YES;
				ENABLE_TESTABILITY = YES;
				GCC_C_LANGUAGE_STANDARD = gnu99;
				GCC_DYNAMIC_NO_PIC = NO;
				GCC_NO_COMMON_BLOCKS = YES;
				GCC_OPTIMIZATION_LEVEL = 0;
				GCC_PREPROCESSOR_DEFINITIONS = (
					"DEBUG=1",
					"$(inherited)",
				);
				GCC_WARN_64_TO_32_BIT_CONVERSION = YES;
				GCC_WARN_ABOUT_RETURN_TYPE = YES_ERROR;
				GCC_WARN_UNDECLARED_SELECTOR = YES;
				GCC_WARN_UNINITIALIZED_AUTOS = YES_AGGRESSIVE;
				GCC_WARN_UNUSED_FUNCTION = YES;
				GCC_WARN_UNUSED_VARIABLE = YES;
				IPHONEOS_DEPLOYMENT_TARGET = 10.0;
				MTL_ENABLE_DEBUG_INFO = YES;
				ONLY_ACTIVE_ARCH = YES;
				SDKROOT = iphoneos;
				SWIFT_ACTIVE_COMPILATION_CONDITIONS = DEBUG;
				SWIFT_OPTIMIZATION_LEVEL = "-Onone";
			};
			name = Debug;
		};
		57D2564D1DA28CA80049DEE2 /* Release */ = {
			isa = XCBuildConfiguration;
			buildSettings = {
				ALWAYS_SEARCH_USER_PATHS = NO;
				CLANG_ANALYZER_NONNULL = YES;
				CLANG_CXX_LANGUAGE_STANDARD = "gnu++0x";
				CLANG_CXX_LIBRARY = "libc++";
				CLANG_ENABLE_MODULES = YES;
				CLANG_ENABLE_OBJC_ARC = YES;
				CLANG_WARN_BOOL_CONVERSION = YES;
				CLANG_WARN_CONSTANT_CONVERSION = YES;
				CLANG_WARN_DIRECT_OBJC_ISA_USAGE = YES_ERROR;
				CLANG_WARN_DOCUMENTATION_COMMENTS = YES;
				CLANG_WARN_EMPTY_BODY = YES;
				CLANG_WARN_ENUM_CONVERSION = YES;
				CLANG_WARN_INFINITE_RECURSION = YES;
				CLANG_WARN_INT_CONVERSION = YES;
				CLANG_WARN_OBJC_ROOT_CLASS = YES_ERROR;
				CLANG_WARN_SUSPICIOUS_MOVES = YES;
				CLANG_WARN_UNREACHABLE_CODE = YES;
				CLANG_WARN__DUPLICATE_METHOD_MATCH = YES;
				"CODE_SIGN_IDENTITY[sdk=iphoneos*]" = "iPhone Developer";
				COPY_PHASE_STRIP = NO;
				DEBUG_INFORMATION_FORMAT = "dwarf-with-dsym";
				ENABLE_NS_ASSERTIONS = NO;
				ENABLE_STRICT_OBJC_MSGSEND = YES;
				GCC_C_LANGUAGE_STANDARD = gnu99;
				GCC_NO_COMMON_BLOCKS = YES;
				GCC_WARN_64_TO_32_BIT_CONVERSION = YES;
				GCC_WARN_ABOUT_RETURN_TYPE = YES_ERROR;
				GCC_WARN_UNDECLARED_SELECTOR = YES;
				GCC_WARN_UNINITIALIZED_AUTOS = YES_AGGRESSIVE;
				GCC_WARN_UNUSED_FUNCTION = YES;
				GCC_WARN_UNUSED_VARIABLE = YES;
				IPHONEOS_DEPLOYMENT_TARGET = 10.0;
				MTL_ENABLE_DEBUG_INFO = NO;
				SDKROOT = iphoneos;
				SWIFT_OPTIMIZATION_LEVEL = "-Owholemodule";
				VALIDATE_PRODUCT = YES;
			};
			name = Release;
		};
		57D2564F1DA28CA80049DEE2 /* Debug */ = {
			isa = XCBuildConfiguration;
			buildSettings = {
				ASSETCATALOG_COMPILER_APPICON_NAME = AppIcon;
				INFOPLIST_FILE = "002-函数的定义/Info.plist";
				LD_RUNPATH_SEARCH_PATHS = "$(inherited) @executable_path/Frameworks";
				PRODUCT_BUNDLE_IDENTIFIER = "com.weibin.-02------";
				PRODUCT_NAME = "$(TARGET_NAME)";
				SWIFT_VERSION = 3.0;
			};
			name = Debug;
		};
		57D256501DA28CA80049DEE2 /* Release */ = {
			isa = XCBuildConfiguration;
			buildSettings = {
				ASSETCATALOG_COMPILER_APPICON_NAME = AppIcon;
				INFOPLIST_FILE = "002-函数的定义/Info.plist";
				LD_RUNPATH_SEARCH_PATHS = "$(inherited) @executable_path/Frameworks";
				PRODUCT_BUNDLE_IDENTIFIER = "com.weibin.-02------";
				PRODUCT_NAME = "$(TARGET_NAME)";
				SWIFT_VERSION = 3.0;
			};
			name = Release;
		};
/* End XCBuildConfiguration section */

/* Begin XCConfigurationList section */
		57D256371DA28CA80049DEE2 /* Build configuration list for PBXProject "002-函数的定义" */ = {
			isa = XCConfigurationList;
			buildConfigurations = (
				57D2564C1DA28CA80049DEE2 /* Debug */,
				57D2564D1DA28CA80049DEE2 /* Release */,
			);
			defaultConfigurationIsVisible = 0;
			defaultConfigurationName = Release;
		};
		57D2564E1DA28CA80049DEE2 /* Build configuration list for PBXNativeTarget "002-函数的定义" */ = {
			isa = XCConfigurationList;
			buildConfigurations = (
				57D2564F1DA28CA80049DEE2 /* Debug */,
				57D256501DA28CA80049DEE2 /* Release */,
			);
			defaultConfigurationIsVisible = 0;
		};
/* End XCConfigurationList section */
	};
	rootObject = 57D256341DA28CA80049DEE2 /* Project object */;
}
